// !$*UTF8*$!
{
	archiveVersion = 1;
	classes = {
	};
	objectVersion = 50;
	objects = {

/* Begin PBXBuildFile section */
		5035670E231EA4570020141F /* InformationViewController.swift in Sources */ = {isa = PBXBuildFile; fileRef = 5035670D231EA4570020141F /* InformationViewController.swift */; };
		50356717231F8C550020141F /* AVFoundation.framework in Frameworks */ = {isa = PBXBuildFile; fileRef = 50356716231F8C550020141F /* AVFoundation.framework */; };
		5035671A231F9DC40020141F /* roundView.swift in Sources */ = {isa = PBXBuildFile; fileRef = 50356719231F9DC40020141F /* roundView.swift */; };
		5035671E231FD4480020141F /* AudioPaperino11.m4a in Resources */ = {isa = PBXBuildFile; fileRef = 5035671D231FD4480020141F /* AudioPaperino11.m4a */; };
		50356720231FD8EB0020141F /* AudioPaperino1.m4a in Resources */ = {isa = PBXBuildFile; fileRef = 5035671F231FD8EB0020141F /* AudioPaperino1.m4a */; };
		50356722231FD93F0020141F /* AudioPaperino2.m4a in Resources */ = {isa = PBXBuildFile; fileRef = 50356721231FD93F0020141F /* AudioPaperino2.m4a */; };
		50356724231FD9B20020141F /* AudioPaperino3.m4a in Resources */ = {isa = PBXBuildFile; fileRef = 50356723231FD9B20020141F /* AudioPaperino3.m4a */; };
		50356726231FDA510020141F /* AudioPaperino4.m4a in Resources */ = {isa = PBXBuildFile; fileRef = 50356725231FDA510020141F /* AudioPaperino4.m4a */; };
		50356728231FDAC20020141F /* AudioPaperino5.m4a in Resources */ = {isa = PBXBuildFile; fileRef = 50356727231FDAC20020141F /* AudioPaperino5.m4a */; };
		5035672A231FDAE70020141F /* AudioPaperino6.m4a in Resources */ = {isa = PBXBuildFile; fileRef = 50356729231FDAE70020141F /* AudioPaperino6.m4a */; };
		5035672C231FDB240020141F /* AudioPaperino7.m4a in Resources */ = {isa = PBXBuildFile; fileRef = 5035672B231FDB240020141F /* AudioPaperino7.m4a */; };
		5035672E231FDB400020141F /* AudioPaperino8.m4a in Resources */ = {isa = PBXBuildFile; fileRef = 5035672D231FDB400020141F /* AudioPaperino8.m4a */; };
		50356730231FDB5A0020141F /* AudioPaperino9.m4a in Resources */ = {isa = PBXBuildFile; fileRef = 5035672F231FDB5A0020141F /* AudioPaperino9.m4a */; };
		50356732231FDB730020141F /* AudioPaperino10.m4a in Resources */ = {isa = PBXBuildFile; fileRef = 50356731231FDB730020141F /* AudioPaperino10.m4a */; };
		50356734231FDB910020141F /* AudioPaperino11.m4a in Resources */ = {isa = PBXBuildFile; fileRef = 50356733231FDB910020141F /* AudioPaperino11.m4a */; };
		50356736231FDBAB0020141F /* AudioPaperino12.m4a in Resources */ = {isa = PBXBuildFile; fileRef = 50356735231FDBAB0020141F /* AudioPaperino12.m4a */; };
		503884F2231C0F92002FD5CC /* AppDelegate.swift in Sources */ = {isa = PBXBuildFile; fileRef = 503884F1231C0F92002FD5CC /* AppDelegate.swift */; };
		503884F4231C0F92002FD5CC /* HomeViewController.swift in Sources */ = {isa = PBXBuildFile; fileRef = 503884F3231C0F92002FD5CC /* HomeViewController.swift */; };
		503884F7231C0F92002FD5CC /* Home.storyboard in Resources */ = {isa = PBXBuildFile; fileRef = 503884F5231C0F92002FD5CC /* Home.storyboard */; };
		503884FA231C0F92002FD5CC /* EarthQuiz.xcdatamodeld in Sources */ = {isa = PBXBuildFile; fileRef = 503884F8231C0F92002FD5CC /* EarthQuiz.xcdatamodeld */; };
		503884FC231C0F92002FD5CC /* Assets.xcassets in Resources */ = {isa = PBXBuildFile; fileRef = 503884FB231C0F92002FD5CC /* Assets.xcassets */; };
		503884FF231C0F92002FD5CC /* LaunchScreen.storyboard in Resources */ = {isa = PBXBuildFile; fileRef = 503884FD231C0F92002FD5CC /* LaunchScreen.storyboard */; };
		50388508231C12DE002FD5CC /* Onboarding.storyboard in Resources */ = {isa = PBXBuildFile; fileRef = 50388507231C12DE002FD5CC /* Onboarding.storyboard */; };
		5038850C231C132F002FD5CC /* Mission.storyboard in Resources */ = {isa = PBXBuildFile; fileRef = 5038850B231C132F002FD5CC /* Mission.storyboard */; };
		5038850F231C134B002FD5CC /* Overview.storyboard in Resources */ = {isa = PBXBuildFile; fileRef = 5038850E231C134B002FD5CC /* Overview.storyboard */; };
		50388512231C135A002FD5CC /* Quiz.storyboard in Resources */ = {isa = PBXBuildFile; fileRef = 50388511231C135A002FD5CC /* Quiz.storyboard */; };
		50388514231C17BA002FD5CC /* MissionListViewController.swift in Sources */ = {isa = PBXBuildFile; fileRef = 50388513231C17BA002FD5CC /* MissionListViewController.swift */; };
		50388516231C1A4C002FD5CC /* MissionDetailViewController.swift in Sources */ = {isa = PBXBuildFile; fileRef = 50388515231C1A4C002FD5CC /* MissionDetailViewController.swift */; };
		50388518231C264D002FD5CC /* OverviewViewController.swift in Sources */ = {isa = PBXBuildFile; fileRef = 50388517231C264D002FD5CC /* OverviewViewController.swift */; };
		5038851C231C286D002FD5CC /* QuizViewController.swift in Sources */ = {isa = PBXBuildFile; fileRef = 5038851B231C286D002FD5CC /* QuizViewController.swift */; };
		5038851E231C2C9B002FD5CC /* OnboardingViewController.swift in Sources */ = {isa = PBXBuildFile; fileRef = 5038851D231C2C9B002FD5CC /* OnboardingViewController.swift */; };
		50388520231CDF70002FD5CC /* CharUnlockViewController.swift in Sources */ = {isa = PBXBuildFile; fileRef = 5038851F231CDF70002FD5CC /* CharUnlockViewController.swift */; };
		50388526231D1A39002FD5CC /* MissionPopupViewController.swift in Sources */ = {isa = PBXBuildFile; fileRef = 50388525231D1A39002FD5CC /* MissionPopupViewController.swift */; };
		5038852A231E38D5002FD5CC /* LMapViewController.swift in Sources */ = {isa = PBXBuildFile; fileRef = 50388529231E38D5002FD5CC /* LMapViewController.swift */; };
		5038852C231E3DDC002FD5CC /* TutorialViewController.swift in Sources */ = {isa = PBXBuildFile; fileRef = 5038852B231E3DDC002FD5CC /* TutorialViewController.swift */; };
		63B03B62231E6F710072B721 /* roundButton.swift in Sources */ = {isa = PBXBuildFile; fileRef = 63B03B61231E6F700072B721 /* roundButton.swift */; };
		63B03B64231E75400072B721 /* HomeCollectionViewCell.swift in Sources */ = {isa = PBXBuildFile; fileRef = 63B03B63231E75400072B721 /* HomeCollectionViewCell.swift */; };
		63B03B662320150B0072B721 /* Slide.swift in Sources */ = {isa = PBXBuildFile; fileRef = 63B03B652320150B0072B721 /* Slide.swift */; };
		63B03B68232018740072B721 /* Slide.xib in Resources */ = {isa = PBXBuildFile; fileRef = 63B03B67232018740072B721 /* Slide.xib */; };
/* End PBXBuildFile section */

/* Begin PBXFileReference section */
		5035670D231EA4570020141F /* InformationViewController.swift */ = {isa = PBXFileReference; lastKnownFileType = sourcecode.swift; path = InformationViewController.swift; sourceTree = "<group>"; };
		50356716231F8C550020141F /* AVFoundation.framework */ = {isa = PBXFileReference; lastKnownFileType = wrapper.framework; name = AVFoundation.framework; path = System/Library/Frameworks/AVFoundation.framework; sourceTree = SDKROOT; };
		50356719231F9DC40020141F /* roundView.swift */ = {isa = PBXFileReference; lastKnownFileType = sourcecode.swift; path = roundView.swift; sourceTree = "<group>"; };
		5035671D231FD4480020141F /* AudioPaperino11.m4a */ = {isa = PBXFileReference; lastKnownFileType = file; name = AudioPaperino11.m4a; path = EarthQuiz/AudioPaperino11.m4a; sourceTree = SOURCE_ROOT; };
		5035671F231FD8EB0020141F /* AudioPaperino1.m4a */ = {isa = PBXFileReference; lastKnownFileType = file; name = AudioPaperino1.m4a; path = ../../../../../../Downloads/AudioPaperino1.m4a; sourceTree = "<group>"; };
		50356721231FD93F0020141F /* AudioPaperino2.m4a */ = {isa = PBXFileReference; lastKnownFileType = file; name = AudioPaperino2.m4a; path = ../../../../../../Downloads/AudioPaperino2.m4a; sourceTree = "<group>"; };
		50356723231FD9B20020141F /* AudioPaperino3.m4a */ = {isa = PBXFileReference; lastKnownFileType = file; name = AudioPaperino3.m4a; path = ../../../../../../Downloads/AudioPaperino3.m4a; sourceTree = "<group>"; };
		50356725231FDA510020141F /* AudioPaperino4.m4a */ = {isa = PBXFileReference; lastKnownFileType = file; name = AudioPaperino4.m4a; path = ../../../../../../Downloads/AudioPaperino4.m4a; sourceTree = "<group>"; };
		50356727231FDAC20020141F /* AudioPaperino5.m4a */ = {isa = PBXFileReference; lastKnownFileType = file; name = AudioPaperino5.m4a; path = ../../../../../../Downloads/AudioPaperino5.m4a; sourceTree = "<group>"; };
		50356729231FDAE70020141F /* AudioPaperino6.m4a */ = {isa = PBXFileReference; lastKnownFileType = file; name = AudioPaperino6.m4a; path = ../../../../../../Downloads/AudioPaperino6.m4a; sourceTree = "<group>"; };
		5035672B231FDB240020141F /* AudioPaperino7.m4a */ = {isa = PBXFileReference; lastKnownFileType = file; name = AudioPaperino7.m4a; path = ../../../../../../Downloads/AudioPaperino7.m4a; sourceTree = "<group>"; };
		5035672D231FDB400020141F /* AudioPaperino8.m4a */ = {isa = PBXFileReference; lastKnownFileType = file; name = AudioPaperino8.m4a; path = ../../../../../../Downloads/AudioPaperino8.m4a; sourceTree = "<group>"; };
		5035672F231FDB5A0020141F /* AudioPaperino9.m4a */ = {isa = PBXFileReference; lastKnownFileType = file; name = AudioPaperino9.m4a; path = ../../../../../../Downloads/AudioPaperino9.m4a; sourceTree = "<group>"; };
		50356731231FDB730020141F /* AudioPaperino10.m4a */ = {isa = PBXFileReference; lastKnownFileType = file; name = AudioPaperino10.m4a; path = ../../../../../../Downloads/AudioPaperino10.m4a; sourceTree = "<group>"; };
		50356733231FDB910020141F /* AudioPaperino11.m4a */ = {isa = PBXFileReference; lastKnownFileType = file; name = AudioPaperino11.m4a; path = ../../../../../../Downloads/AudioPaperino11.m4a; sourceTree = "<group>"; };
		50356735231FDBAB0020141F /* AudioPaperino12.m4a */ = {isa = PBXFileReference; lastKnownFileType = file; name = AudioPaperino12.m4a; path = ../../../../../../Downloads/AudioPaperino12.m4a; sourceTree = "<group>"; };
		503884EE231C0F92002FD5CC /* EarthQuiz.app */ = {isa = PBXFileReference; explicitFileType = wrapper.application; includeInIndex = 0; path = EarthQuiz.app; sourceTree = BUILT_PRODUCTS_DIR; };
		503884F1231C0F92002FD5CC /* AppDelegate.swift */ = {isa = PBXFileReference; lastKnownFileType = sourcecode.swift; path = AppDelegate.swift; sourceTree = "<group>"; };
		503884F3231C0F92002FD5CC /* HomeViewController.swift */ = {isa = PBXFileReference; lastKnownFileType = sourcecode.swift; path = HomeViewController.swift; sourceTree = "<group>"; };
		503884F6231C0F92002FD5CC /* Base */ = {isa = PBXFileReference; lastKnownFileType = file.storyboard; name = Base; path = Base.lproj/Home.storyboard; sourceTree = "<group>"; };
		503884F9231C0F92002FD5CC /* EarthQuiz.xcdatamodel */ = {isa = PBXFileReference; lastKnownFileType = wrapper.xcdatamodel; path = EarthQuiz.xcdatamodel; sourceTree = "<group>"; };
		503884FB231C0F92002FD5CC /* Assets.xcassets */ = {isa = PBXFileReference; lastKnownFileType = folder.assetcatalog; path = Assets.xcassets; sourceTree = "<group>"; };
		503884FE231C0F92002FD5CC /* Base */ = {isa = PBXFileReference; lastKnownFileType = file.storyboard; name = Base; path = Base.lproj/LaunchScreen.storyboard; sourceTree = "<group>"; };
		50388500231C0F92002FD5CC /* Info.plist */ = {isa = PBXFileReference; lastKnownFileType = text.plist.xml; path = Info.plist; sourceTree = "<group>"; };
		50388507231C12DE002FD5CC /* Onboarding.storyboard */ = {isa = PBXFileReference; lastKnownFileType = file.storyboard; path = Onboarding.storyboard; sourceTree = "<group>"; };
		5038850B231C132F002FD5CC /* Mission.storyboard */ = {isa = PBXFileReference; lastKnownFileType = file.storyboard; path = Mission.storyboard; sourceTree = "<group>"; };
		5038850E231C134B002FD5CC /* Overview.storyboard */ = {isa = PBXFileReference; lastKnownFileType = file.storyboard; path = Overview.storyboard; sourceTree = "<group>"; };
		50388511231C135A002FD5CC /* Quiz.storyboard */ = {isa = PBXFileReference; lastKnownFileType = file.storyboard; path = Quiz.storyboard; sourceTree = "<group>"; };
		50388513231C17BA002FD5CC /* MissionListViewController.swift */ = {isa = PBXFileReference; lastKnownFileType = sourcecode.swift; path = MissionListViewController.swift; sourceTree = "<group>"; };
		50388515231C1A4C002FD5CC /* MissionDetailViewController.swift */ = {isa = PBXFileReference; lastKnownFileType = sourcecode.swift; path = MissionDetailViewController.swift; sourceTree = "<group>"; };
		50388517231C264D002FD5CC /* OverviewViewController.swift */ = {isa = PBXFileReference; lastKnownFileType = sourcecode.swift; path = OverviewViewController.swift; sourceTree = "<group>"; };
		5038851B231C286D002FD5CC /* QuizViewController.swift */ = {isa = PBXFileReference; lastKnownFileType = sourcecode.swift; path = QuizViewController.swift; sourceTree = "<group>"; };
		5038851D231C2C9B002FD5CC /* OnboardingViewController.swift */ = {isa = PBXFileReference; lastKnownFileType = sourcecode.swift; path = OnboardingViewController.swift; sourceTree = "<group>"; };
		5038851F231CDF70002FD5CC /* CharUnlockViewController.swift */ = {isa = PBXFileReference; lastKnownFileType = sourcecode.swift; path = CharUnlockViewController.swift; sourceTree = "<group>"; };
		50388525231D1A39002FD5CC /* MissionPopupViewController.swift */ = {isa = PBXFileReference; lastKnownFileType = sourcecode.swift; path = MissionPopupViewController.swift; sourceTree = "<group>"; };
		50388529231E38D5002FD5CC /* LMapViewController.swift */ = {isa = PBXFileReference; lastKnownFileType = sourcecode.swift; path = LMapViewController.swift; sourceTree = "<group>"; };
		5038852B231E3DDC002FD5CC /* TutorialViewController.swift */ = {isa = PBXFileReference; lastKnownFileType = sourcecode.swift; path = TutorialViewController.swift; sourceTree = "<group>"; };
		63B03B61231E6F700072B721 /* roundButton.swift */ = {isa = PBXFileReference; lastKnownFileType = sourcecode.swift; path = roundButton.swift; sourceTree = "<group>"; };
		63B03B63231E75400072B721 /* HomeCollectionViewCell.swift */ = {isa = PBXFileReference; lastKnownFileType = sourcecode.swift; path = HomeCollectionViewCell.swift; sourceTree = "<group>"; };
		63B03B652320150B0072B721 /* Slide.swift */ = {isa = PBXFileReference; lastKnownFileType = sourcecode.swift; path = Slide.swift; sourceTree = "<group>"; };
		63B03B67232018740072B721 /* Slide.xib */ = {isa = PBXFileReference; lastKnownFileType = file.xib; path = Slide.xib; sourceTree = "<group>"; };
/* End PBXFileReference section */

/* Begin PBXFrameworksBuildPhase section */
		503884EB231C0F92002FD5CC /* Frameworks */ = {
			isa = PBXFrameworksBuildPhase;
			buildActionMask = 2147483647;
			files = (
				50356717231F8C550020141F /* AVFoundation.framework in Frameworks */,
			);
			runOnlyForDeploymentPostprocessing = 0;
		};
/* End PBXFrameworksBuildPhase section */

/* Begin PBXGroup section */
		5035670F231F84470020141F /* Audio */ = {
			isa = PBXGroup;
			children = (
				50356735231FDBAB0020141F /* AudioPaperino12.m4a */,
				50356733231FDB910020141F /* AudioPaperino11.m4a */,
				50356731231FDB730020141F /* AudioPaperino10.m4a */,
				5035672F231FDB5A0020141F /* AudioPaperino9.m4a */,
				5035672D231FDB400020141F /* AudioPaperino8.m4a */,
				5035672B231FDB240020141F /* AudioPaperino7.m4a */,
				50356729231FDAE70020141F /* AudioPaperino6.m4a */,
				50356727231FDAC20020141F /* AudioPaperino5.m4a */,
				50356725231FDA510020141F /* AudioPaperino4.m4a */,
				50356723231FD9B20020141F /* AudioPaperino3.m4a */,
				50356721231FD93F0020141F /* AudioPaperino2.m4a */,
				5035671F231FD8EB0020141F /* AudioPaperino1.m4a */,
				5035671D231FD4480020141F /* AudioPaperino11.m4a */,
			);
			path = Audio;
			sourceTree = "<group>";
		};
		50356715231F8C550020141F /* Frameworks */ = {
			isa = PBXGroup;
			children = (
				50356716231F8C550020141F /* AVFoundation.framework */,
			);
			name = Frameworks;
			sourceTree = "<group>";
		};
		503884E5231C0F92002FD5CC = {
			isa = PBXGroup;
			children = (
				503884F0231C0F92002FD5CC /* EarthQuiz */,
				503884EF231C0F92002FD5CC /* Products */,
				50356715231F8C550020141F /* Frameworks */,
			);
			sourceTree = "<group>";
		};
		503884EF231C0F92002FD5CC /* Products */ = {
			isa = PBXGroup;
			children = (
				503884EE231C0F92002FD5CC /* EarthQuiz.app */,
			);
			name = Products;
			sourceTree = "<group>";
		};
		503884F0231C0F92002FD5CC /* EarthQuiz */ = {
			isa = PBXGroup;
			children = (
				50356719231F9DC40020141F /* roundView.swift */,
				63B03B61231E6F700072B721 /* roundButton.swift */,
				50388510231C134F002FD5CC /* Quiz */,
				5038850D231C1334002FD5CC /* Overview */,
				5038850A231C131D002FD5CC /* Mission */,
				50388509231C12F9002FD5CC /* Home */,
				50388506231C12CF002FD5CC /* Onboarding */,
				503884F1231C0F92002FD5CC /* AppDelegate.swift */,
				503884FB231C0F92002FD5CC /* Assets.xcassets */,
				503884FD231C0F92002FD5CC /* LaunchScreen.storyboard */,
				50388500231C0F92002FD5CC /* Info.plist */,
				503884F8231C0F92002FD5CC /* EarthQuiz.xcdatamodeld */,
			);
			path = EarthQuiz;
			sourceTree = "<group>";
		};
		50388506231C12CF002FD5CC /* Onboarding */ = {
			isa = PBXGroup;
			children = (
				50388507231C12DE002FD5CC /* Onboarding.storyboard */,
				5038851D231C2C9B002FD5CC /* OnboardingViewController.swift */,
				63B03B652320150B0072B721 /* Slide.swift */,
				63B03B67232018740072B721 /* Slide.xib */,
			);
			path = Onboarding;
			sourceTree = "<group>";
		};
		50388509231C12F9002FD5CC /* Home */ = {
			isa = PBXGroup;
			children = (
				503884F5231C0F92002FD5CC /* Home.storyboard */,
				503884F3231C0F92002FD5CC /* HomeViewController.swift */,
				63B03B63231E75400072B721 /* HomeCollectionViewCell.swift */,
			);
			path = Home;
			sourceTree = "<group>";
		};
		5038850A231C131D002FD5CC /* Mission */ = {
			isa = PBXGroup;
			children = (
				5038850B231C132F002FD5CC /* Mission.storyboard */,
				50388513231C17BA002FD5CC /* MissionListViewController.swift */,
				50388515231C1A4C002FD5CC /* MissionDetailViewController.swift */,
				50388525231D1A39002FD5CC /* MissionPopupViewController.swift */,
			);
			path = Mission;
			sourceTree = "<group>";
		};
		5038850D231C1334002FD5CC /* Overview */ = {
			isa = PBXGroup;
			children = (
				5038850E231C134B002FD5CC /* Overview.storyboard */,
				50388529231E38D5002FD5CC /* LMapViewController.swift */,
				50388517231C264D002FD5CC /* OverviewViewController.swift */,
				5038852B231E3DDC002FD5CC /* TutorialViewController.swift */,
			);
			path = Overview;
			sourceTree = "<group>";
		};
		50388510231C134F002FD5CC /* Quiz */ = {
			isa = PBXGroup;
			children = (
				5035670F231F84470020141F /* Audio */,
				50388511231C135A002FD5CC /* Quiz.storyboard */,
				5038851B231C286D002FD5CC /* QuizViewController.swift */,
				5038851F231CDF70002FD5CC /* CharUnlockViewController.swift */,
				5035670D231EA4570020141F /* InformationViewController.swift */,
			);
			path = Quiz;
			sourceTree = "<group>";
		};
/* End PBXGroup section */

/* Begin PBXNativeTarget section */
		503884ED231C0F92002FD5CC /* EarthQuiz */ = {
			isa = PBXNativeTarget;
			buildConfigurationList = 50388503231C0F92002FD5CC /* Build configuration list for PBXNativeTarget "EarthQuiz" */;
			buildPhases = (
				503884EA231C0F92002FD5CC /* Sources */,
				503884EB231C0F92002FD5CC /* Frameworks */,
				503884EC231C0F92002FD5CC /* Resources */,
			);
			buildRules = (
			);
			dependencies = (
			);
			name = EarthQuiz;
			productName = EarthQuiz;
			productReference = 503884EE231C0F92002FD5CC /* EarthQuiz.app */;
			productType = "com.apple.product-type.application";
		};
/* End PBXNativeTarget section */

/* Begin PBXProject section */
		503884E6231C0F92002FD5CC /* Project object */ = {
			isa = PBXProject;
			attributes = {
				LastSwiftUpdateCheck = 1020;
				LastUpgradeCheck = 1020;
				ORGANIZATIONNAME = "Ricky Effendi";
				TargetAttributes = {
					503884ED231C0F92002FD5CC = {
						CreatedOnToolsVersion = 10.2.1;
					};
				};
			};
			buildConfigurationList = 503884E9231C0F92002FD5CC /* Build configuration list for PBXProject "EarthQuiz" */;
			compatibilityVersion = "Xcode 9.3";
			developmentRegion = en;
			hasScannedForEncodings = 0;
			knownRegions = (
				en,
				Base,
			);
			mainGroup = 503884E5231C0F92002FD5CC;
			productRefGroup = 503884EF231C0F92002FD5CC /* Products */;
			projectDirPath = "";
			projectRoot = "";
			targets = (
				503884ED231C0F92002FD5CC /* EarthQuiz */,
			);
		};
/* End PBXProject section */

/* Begin PBXResourcesBuildPhase section */
		503884EC231C0F92002FD5CC /* Resources */ = {
			isa = PBXResourcesBuildPhase;
			buildActionMask = 2147483647;
			files = (
				503884FF231C0F92002FD5CC /* LaunchScreen.storyboard in Resources */,
				5035672C231FDB240020141F /* AudioPaperino7.m4a in Resources */,
				5035672E231FDB400020141F /* AudioPaperino8.m4a in Resources */,
				50356730231FDB5A0020141F /* AudioPaperino9.m4a in Resources */,
				503884FC231C0F92002FD5CC /* Assets.xcassets in Resources */,
				50388512231C135A002FD5CC /* Quiz.storyboard in Resources */,
				50356736231FDBAB0020141F /* AudioPaperino12.m4a in Resources */,
				50356728231FDAC20020141F /* AudioPaperino5.m4a in Resources */,
				50388508231C12DE002FD5CC /* Onboarding.storyboard in Resources */,
				5038850C231C132F002FD5CC /* Mission.storyboard in Resources */,
				5035671E231FD4480020141F /* AudioPaperino11.m4a in Resources */,
				50356734231FDB910020141F /* AudioPaperino11.m4a in Resources */,
				50356722231FD93F0020141F /* AudioPaperino2.m4a in Resources */,
				50356724231FD9B20020141F /* AudioPaperino3.m4a in Resources */,
				503884F7231C0F92002FD5CC /* Home.storyboard in Resources */,
				50356720231FD8EB0020141F /* AudioPaperino1.m4a in Resources */,
				50356726231FDA510020141F /* AudioPaperino4.m4a in Resources */,
				63B03B68232018740072B721 /* Slide.xib in Resources */,
				5035672A231FDAE70020141F /* AudioPaperino6.m4a in Resources */,
				50356732231FDB730020141F /* AudioPaperino10.m4a in Resources */,
				5038850F231C134B002FD5CC /* Overview.storyboard in Resources */,
			);
			runOnlyForDeploymentPostprocessing = 0;
		};
/* End PBXResourcesBuildPhase section */

/* Begin PBXSourcesBuildPhase section */
		503884EA231C0F92002FD5CC /* Sources */ = {
			isa = PBXSourcesBuildPhase;
			buildActionMask = 2147483647;
			files = (
				50388516231C1A4C002FD5CC /* MissionDetailViewController.swift in Sources */,
				503884FA231C0F92002FD5CC /* EarthQuiz.xcdatamodeld in Sources */,
				5035671A231F9DC40020141F /* roundView.swift in Sources */,
				503884F4231C0F92002FD5CC /* HomeViewController.swift in Sources */,
				5038851C231C286D002FD5CC /* QuizViewController.swift in Sources */,
				63B03B62231E6F710072B721 /* roundButton.swift in Sources */,
				63B03B64231E75400072B721 /* HomeCollectionViewCell.swift in Sources */,
				5038852A231E38D5002FD5CC /* LMapViewController.swift in Sources */,
				63B03B662320150B0072B721 /* Slide.swift in Sources */,
				50388526231D1A39002FD5CC /* MissionPopupViewController.swift in Sources */,
				5038852C231E3DDC002FD5CC /* TutorialViewController.swift in Sources */,
				50388520231CDF70002FD5CC /* CharUnlockViewController.swift in Sources */,
				503884F2231C0F92002FD5CC /* AppDelegate.swift in Sources */,
				50388514231C17BA002FD5CC /* MissionListViewController.swift in Sources */,
				50388518231C264D002FD5CC /* OverviewViewController.swift in Sources */,
				5038851E231C2C9B002FD5CC /* OnboardingViewController.swift in Sources */,
				5035670E231EA4570020141F /* InformationViewController.swift in Sources */,
			);
			runOnlyForDeploymentPostprocessing = 0;
		};
/* End PBXSourcesBuildPhase section */

/* Begin PBXVariantGroup section */
		503884F5231C0F92002FD5CC /* Home.storyboard */ = {
			isa = PBXVariantGroup;
			children = (
				503884F6231C0F92002FD5CC /* Base */,
			);
			name = Home.storyboard;
			sourceTree = "<group>";
		};
		503884FD231C0F92002FD5CC /* LaunchScreen.storyboard */ = {
			isa = PBXVariantGroup;
			children = (
				503884FE231C0F92002FD5CC /* Base */,
			);
			name = LaunchScreen.storyboard;
			sourceTree = "<group>";
		};
/* End PBXVariantGroup section */

/* Begin XCBuildConfiguration section */
		50388501231C0F92002FD5CC /* Debug */ = {
			isa = XCBuildConfiguration;
			buildSettings = {
				ALWAYS_SEARCH_USER_PATHS = NO;
				CLANG_ANALYZER_NONNULL = YES;
				CLANG_ANALYZER_NUMBER_OBJECT_CONVERSION = YES_AGGRESSIVE;
				CLANG_CXX_LANGUAGE_STANDARD = "gnu++14";
				CLANG_CXX_LIBRARY = "libc++";
				CLANG_ENABLE_MODULES = YES;
				CLANG_ENABLE_OBJC_ARC = YES;
				CLANG_ENABLE_OBJC_WEAK = YES;
				CLANG_WARN_BLOCK_CAPTURE_AUTORELEASING = YES;
				CLANG_WARN_BOOL_CONVERSION = YES;
				CLANG_WARN_COMMA = YES;
				CLANG_WARN_CONSTANT_CONVERSION = YES;
				CLANG_WARN_DEPRECATED_OBJC_IMPLEMENTATIONS = YES;
				CLANG_WARN_DIRECT_OBJC_ISA_USAGE = YES_ERROR;
				CLANG_WARN_DOCUMENTATION_COMMENTS = YES;
				CLANG_WARN_EMPTY_BODY = YES;
				CLANG_WARN_ENUM_CONVERSION = YES;
				CLANG_WARN_INFINITE_RECURSION = YES;
				CLANG_WARN_INT_CONVERSION = YES;
				CLANG_WARN_NON_LITERAL_NULL_CONVERSION = YES;
				CLANG_WARN_OBJC_IMPLICIT_RETAIN_SELF = YES;
				CLANG_WARN_OBJC_LITERAL_CONVERSION = YES;
				CLANG_WARN_OBJC_ROOT_CLASS = YES_ERROR;
				CLANG_WARN_RANGE_LOOP_ANALYSIS = YES;
				CLANG_WARN_STRICT_PROTOTYPES = YES;
				CLANG_WARN_SUSPICIOUS_MOVE = YES;
				CLANG_WARN_UNGUARDED_AVAILABILITY = YES_AGGRESSIVE;
				CLANG_WARN_UNREACHABLE_CODE = YES;
				CLANG_WARN__DUPLICATE_METHOD_MATCH = YES;
				CODE_SIGN_IDENTITY = "iPhone Developer";
				COPY_PHASE_STRIP = NO;
				DEBUG_INFORMATION_FORMAT = dwarf;
				ENABLE_STRICT_OBJC_MSGSEND = YES;
				ENABLE_TESTABILITY = YES;
				GCC_C_LANGUAGE_STANDARD = gnu11;
				GCC_DYNAMIC_NO_PIC = NO;
				GCC_NO_COMMON_BLOCKS = YES;
				GCC_OPTIMIZATION_LEVEL = 0;
				GCC_PREPROCESSOR_DEFINITIONS = (
					"DEBUG=1",
					"$(inherited)",
				);
				GCC_WARN_64_TO_32_BIT_CONVERSION = YES;
				GCC_WARN_ABOUT_RETURN_TYPE = YES_ERROR;
				GCC_WARN_UNDECLARED_SELECTOR = YES;
				GCC_WARN_UNINITIALIZED_AUTOS = YES_AGGRESSIVE;
				GCC_WARN_UNUSED_FUNCTION = YES;
				GCC_WARN_UNUSED_VARIABLE = YES;
				IPHONEOS_DEPLOYMENT_TARGET = 12.2;
				MTL_ENABLE_DEBUG_INFO = INCLUDE_SOURCE;
				MTL_FAST_MATH = YES;
				ONLY_ACTIVE_ARCH = YES;
				SDKROOT = iphoneos;
				SWIFT_ACTIVE_COMPILATION_CONDITIONS = DEBUG;
				SWIFT_OPTIMIZATION_LEVEL = "-Onone";
			};
			name = Debug;
		};
		50388502231C0F92002FD5CC /* Release */ = {
			isa = XCBuildConfiguration;
			buildSettings = {
				ALWAYS_SEARCH_USER_PATHS = NO;
				CLANG_ANALYZER_NONNULL = YES;
				CLANG_ANALYZER_NUMBER_OBJECT_CONVERSION = YES_AGGRESSIVE;
				CLANG_CXX_LANGUAGE_STANDARD = "gnu++14";
				CLANG_CXX_LIBRARY = "libc++";
				CLANG_ENABLE_MODULES = YES;
				CLANG_ENABLE_OBJC_ARC = YES;
				CLANG_ENABLE_OBJC_WEAK = YES;
				CLANG_WARN_BLOCK_CAPTURE_AUTORELEASING = YES;
				CLANG_WARN_BOOL_CONVERSION = YES;
				CLANG_WARN_COMMA = YES;
				CLANG_WARN_CONSTANT_CONVERSION = YES;
				CLANG_WARN_DEPRECATED_OBJC_IMPLEMENTATIONS = YES;
				CLANG_WARN_DIRECT_OBJC_ISA_USAGE = YES_ERROR;
				CLANG_WARN_DOCUMENTATION_COMMENTS = YES;
				CLANG_WARN_EMPTY_BODY = YES;
				CLANG_WARN_ENUM_CONVERSION = YES;
				CLANG_WARN_INFINITE_RECURSION = YES;
				CLANG_WARN_INT_CONVERSION = YES;
				CLANG_WARN_NON_LITERAL_NULL_CONVERSION = YES;
				CLANG_WARN_OBJC_IMPLICIT_RETAIN_SELF = YES;
				CLANG_WARN_OBJC_LITERAL_CONVERSION = YES;
				CLANG_WARN_OBJC_ROOT_CLASS = YES_ERROR;
				CLANG_WARN_RANGE_LOOP_ANALYSIS = YES;
				CLANG_WARN_STRICT_PROTOTYPES = YES;
				CLANG_WARN_SUSPICIOUS_MOVE = YES;
				CLANG_WARN_UNGUARDED_AVAILABILITY = YES_AGGRESSIVE;
				CLANG_WARN_UNREACHABLE_CODE = YES;
				CLANG_WARN__DUPLICATE_METHOD_MATCH = YES;
				CODE_SIGN_IDENTITY = "iPhone Developer";
				COPY_PHASE_STRIP = NO;
				DEBUG_INFORMATION_FORMAT = "dwarf-with-dsym";
				ENABLE_NS_ASSERTIONS = NO;
				ENABLE_STRICT_OBJC_MSGSEND = YES;
				GCC_C_LANGUAGE_STANDARD = gnu11;
				GCC_NO_COMMON_BLOCKS = YES;
				GCC_WARN_64_TO_32_BIT_CONVERSION = YES;
				GCC_WARN_ABOUT_RETURN_TYPE = YES_ERROR;
				GCC_WARN_UNDECLARED_SELECTOR = YES;
				GCC_WARN_UNINITIALIZED_AUTOS = YES_AGGRESSIVE;
				GCC_WARN_UNUSED_FUNCTION = YES;
				GCC_WARN_UNUSED_VARIABLE = YES;
				IPHONEOS_DEPLOYMENT_TARGET = 12.2;
				MTL_ENABLE_DEBUG_INFO = NO;
				MTL_FAST_MATH = YES;
				SDKROOT = iphoneos;
				SWIFT_COMPILATION_MODE = wholemodule;
				SWIFT_OPTIMIZATION_LEVEL = "-O";
				VALIDATE_PRODUCT = YES;
			};
			name = Release;
		};
		50388504231C0F92002FD5CC /* Debug */ = {
			isa = XCBuildConfiguration;
			buildSettings = {
				ASSETCATALOG_COMPILER_APPICON_NAME = AppIcon;
				CODE_SIGN_STYLE = Automatic;
				DEVELOPMENT_TEAM = 64M6B7NHMY;
				INFOPLIST_FILE = EarthQuiz/Info.plist;
				LD_RUNPATH_SEARCH_PATHS = (
					"$(inherited)",
					"@executable_path/Frameworks",
				);
				PRODUCT_BUNDLE_IDENTIFIER = com.rickyeffendi.EarthQuiz;
				PRODUCT_NAME = "$(TARGET_NAME)";
				SWIFT_VERSION = 5.0;
				TARGETED_DEVICE_FAMILY = "1,2";
			};
			name = Debug;
		};
		50388505231C0F92002FD5CC /* Release */ = {
			isa = XCBuildConfiguration;
			buildSettings = {
				ASSETCATALOG_COMPILER_APPICON_NAME = AppIcon;
				CODE_SIGN_STYLE = Automatic;
				DEVELOPMENT_TEAM = 64M6B7NHMY;
				INFOPLIST_FILE = EarthQuiz/Info.plist;
				LD_RUNPATH_SEARCH_PATHS = (
					"$(inherited)",
					"@executable_path/Frameworks",
				);
				PRODUCT_BUNDLE_IDENTIFIER = com.rickyeffendi.EarthQuiz;
				PRODUCT_NAME = "$(TARGET_NAME)";
				SWIFT_VERSION = 5.0;
				TARGETED_DEVICE_FAMILY = "1,2";
			};
			name = Release;
		};
/* End XCBuildConfiguration section */

/* Begin XCConfigurationList section */
		503884E9231C0F92002FD5CC /* Build configuration list for PBXProject "EarthQuiz" */ = {
			isa = XCConfigurationList;
			buildConfigurations = (
				50388501231C0F92002FD5CC /* Debug */,
				50388502231C0F92002FD5CC /* Release */,
			);
			defaultConfigurationIsVisible = 0;
			defaultConfigurationName = Release;
		};
		50388503231C0F92002FD5CC /* Build configuration list for PBXNativeTarget "EarthQuiz" */ = {
			isa = XCConfigurationList;
			buildConfigurations = (
				50388504231C0F92002FD5CC /* Debug */,
				50388505231C0F92002FD5CC /* Release */,
			);
			defaultConfigurationIsVisible = 0;
			defaultConfigurationName = Release;
		};
/* End XCConfigurationList section */

/* Begin XCVersionGroup section */
		503884F8231C0F92002FD5CC /* EarthQuiz.xcdatamodeld */ = {
			isa = XCVersionGroup;
			children = (
				503884F9231C0F92002FD5CC /* EarthQuiz.xcdatamodel */,
			);
			currentVersion = 503884F9231C0F92002FD5CC /* EarthQuiz.xcdatamodel */;
			path = EarthQuiz.xcdatamodeld;
			sourceTree = "<group>";
			versionGroupType = wrapper.xcdatamodel;
		};
/* End XCVersionGroup section */
	};
	rootObject = 503884E6231C0F92002FD5CC /* Project object */;
}
